
Microsoft Visual Studio Solution File, Format Version 12.00
# Visual Studio Version 17
VisualStudioVersion = 17.9.34723.18
MinimumVisualStudioVersion = 10.0.40219.1
Project("{888888A0-9F3D-457C-B088-3A5042F75D52}") = "List_2", "List_2\List_2.pyproj", "{8937BE2D-AACA-4CB7-A061-24A5F988570C}"
EndProject
Global
	GlobalSection(SolutionConfigurationPlatforms) = preSolution
		Debug|Any CPU = Debug|Any CPU
		Release|Any CPU = Release|Any CPU
	EndGlobalSection
	GlobalSection(ProjectConfigurationPlatforms) = postSolution
		{8937BE2D-AACA-4CB7-A061-24A5F988570C}.Debug|Any CPU.ActiveCfg = Debug|Any CPU
		{8937BE2D-AACA-4CB7-A061-24A5F988570C}.Release|Any CPU.ActiveCfg = Release|Any CPU
	EndGlobalSection
	GlobalSection(SolutionProperties) = preSolution
		HideSolutionNode = FALSE
	EndGlobalSection
	GlobalSection(ExtensibilityGlobals) = postSolution
		SolutionGuid = {A7F4D05B-E4D4-40B3-A5F6-1066C84A1513}
	EndGlobalSection
EndGlobal
